
Microsoft Visual Studio Solution File, Format Version 12.00
# Visual Studio Version 16
VisualStudioVersion = 16.0.33027.164
MinimumVisualStudioVersion = 10.0.40219.1
Project("{FAE04EC0-301F-11D3-BF4B-00C04F79EFBC}") = "VillageDevelopment", "VillageDevelopment\VillageDevelopment.csproj", "{EF4193C0-F30C-4334-AC64-292D04820667}"
EndProject
Project("{FAE04EC0-301F-11D3-BF4B-00C04F79EFBC}") = "Village.Repository", "Village.Repository\Village.Repository.csproj", "{BDF717CC-8AB2-40BA-B54E-B502EDDC3596}"
EndProject
Global
	GlobalSection(SolutionConfigurationPlatforms) = preSolution
		Debug|Any CPU = Debug|Any CPU
		Release|Any CPU = Release|Any CPU
	EndGlobalSection
	GlobalSection(ProjectConfigurationPlatforms) = postSolution
		{EF4193C0-F30C-4334-AC64-292D04820667}.Debug|Any CPU.ActiveCfg = Debug|Any CPU
		{EF4193C0-F30C-4334-AC64-292D04820667}.Debug|Any CPU.Build.0 = Debug|Any CPU
		{EF4193C0-F30C-4334-AC64-292D04820667}.Release|Any CPU.ActiveCfg = Release|Any CPU
		{EF4193C0-F30C-4334-AC64-292D04820667}.Release|Any CPU.Build.0 = Release|Any CPU
		{BDF717CC-8AB2-40BA-B54E-B502EDDC3596}.Debug|Any CPU.ActiveCfg = Debug|Any CPU
		{BDF717CC-8AB2-40BA-B54E-B502EDDC3596}.Debug|Any CPU.Build.0 = Debug|Any CPU
		{BDF717CC-8AB2-40BA-B54E-B502EDDC3596}.Release|Any CPU.ActiveCfg = Release|Any CPU
		{BDF717CC-8AB2-40BA-B54E-B502EDDC3596}.Release|Any CPU.Build.0 = Release|Any CPU
	EndGlobalSection
	GlobalSection(SolutionProperties) = preSolution
		HideSolutionNode = FALSE
	EndGlobalSection
	GlobalSection(ExtensibilityGlobals) = postSolution
		SolutionGuid = {8E2DC2E4-9AA2-46E2-ABAC-96A9C3391B8E}
	EndGlobalSection
EndGlobal
